<?xml version="1.0" encoding="utf-8"?>
<Project ToolsVersion="4.0" xmlns="http://schemas.microsoft.com/developer/msbuild/2003">
  <ItemGroup>
    <Filter Include="Core">
      <UniqueIdentifier>{2EB4837C-1AEB-840D-C3D7-6A10AFED000F}</UniqueIdentifier>
    </Filter>
    <Filter Include="Core\Application">
      <UniqueIdentifier>{F1A4822F-DD9D-A181-06D0-8606F227818D}</UniqueIdentifier>
    </Filter>
    <Filter Include="Core\Common">
      <UniqueIdentifier>{A681F66E-1237-6F64-9B2B-693B07E06568}</UniqueIdentifier>
    </Filter>
  </ItemGroup>
  <ItemGroup>
    <ClInclude Include="src\Core\Application\Application.h">
      <Filter>Core\Application</Filter>
    </ClInclude>
    <ClInclude Include="src\Core\Application\Layer.h">
      <Filter>Core\Application</Filter>
    </ClInclude>
    <ClInclude Include="src\Core\Common\Common.h">
      <Filter>Core\Common</Filter>
    </ClInclude>
    <ClInclude Include="src\Core\Common\Macros.h">
      <Filter>Core\Common</Filter>
    </ClInclude>
    <ClInclude Include="src\Dodo.h" />
  </ItemGroup>
  <ItemGroup>
    <ClCompile Include="src\Core\Application\Application.cpp">
      <Filter>Core\Application</Filter>
    </ClCompile>
  </ItemGroup>
</Project>